
Microsoft Visual Studio Solution File, Format Version 12.00
# Visual Studio 15
VisualStudioVersion = 15.0.26228.9
MinimumVisualStudioVersion = 10.0.40219.1
Project("{2150E333-8FDC-42A3-9474-1A3956D46DE8}") = "Blend", "Blend", "{FA6AC529-50A8-4078-BC8E-CE72A6264063}"
EndProject
Project("{FAE04EC0-301F-11D3-BF4B-00C04F79EFBC}") = "Blend.Controllers", "Blend.Controllers\Blend.Controllers.csproj", "{03075A52-F59A-4601-A61F-AC64624B808E}"
EndProject
Project("{2150E333-8FDC-42A3-9474-1A3956D46DE8}") = "Implementations", "Implementations", "{8D4BF298-8D11-41D2-A5D9-78BC3E91D2EE}"
EndProject
Project("{FAE04EC0-301F-11D3-BF4B-00C04F79EFBC}") = "Blend.ProvidusImplementation", "Blend.ProvidusImplementation\Blend.ProvidusImplementation.csproj", "{561777F6-7751-4468-A855-C1E593FD2B1F}"
EndProject
Project("{FAE04EC0-301F-11D3-BF4B-00C04F79EFBC}") = "AppZoneMiddleware.Shared", "AppZoneMiddleware.Shared\AppZoneMiddleware.Shared.csproj", "{1DD364F3-3413-4483-8A13-1849A3419AAE}"
EndProject
Project("{2150E333-8FDC-42A3-9474-1A3956D46DE8}") = "Zone", "Zone", "{3562D08A-7AF9-4BFD-9C65-52A40990FC13}"
EndProject
Project("{FAE04EC0-301F-11D3-BF4B-00C04F79EFBC}") = "Zone.Controllers", "Zone.Controllers\Zone.Controllers.csproj", "{5721AF3F-6266-4B19-854E-9319729F571B}"
EndProject
Project("{FAE04EC0-301F-11D3-BF4B-00C04F79EFBC}") = "AppzoneMiddleware.Test", "AppzoneMiddleware.Test\AppzoneMiddleware.Test.csproj", "{66334F41-E437-4BC1-B175-EDDE221525F4}"
EndProject
Project("{FAE04EC0-301F-11D3-BF4B-00C04F79EFBC}") = "Blend.SterlingImplementation", "Blend.SterlingImplementation\Blend.SterlingImplementation.csproj", "{ADC9433C-E2EB-469B-B8F9-AA69990FDBEC}"
EndProject
Project("{FAE04EC0-301F-11D3-BF4B-00C04F79EFBC}") = "Blend.SharedServiceImplementation", "Blend.SharedServiceImplemetation\Blend.SharedServiceImplementation.csproj", "{E21F5FAE-0007-48CF-BCDE-C6819CA61BD9}"
EndProject
Project("{FAE04EC0-301F-11D3-BF4B-00C04F79EFBC}") = "SterlingApiProxy", "SterlingApiProxy\SterlingApiProxy.csproj", "{30894773-5E01-4125-9320-247212C6D1D7}"
EndProject
Project("{FAE04EC0-301F-11D3-BF4B-00C04F79EFBC}") = "MiddlewareApiProxy", "MiddlewareApiProxy\MiddlewareApiProxy.csproj", "{BD3CFF8F-CBAD-40FD-916D-015AA18E4461}"
EndProject
Project("{FAE04EC0-301F-11D3-BF4B-00C04F79EFBC}") = "Blend.DefaultImplementation", "Blend.DefaultImplementation\Blend.DefaultImplementation.csproj", "{D796CC24-F6D8-4B72-80E5-D2FE16239BC5}"
EndProject
Project("{FAE04EC0-301F-11D3-BF4B-00C04F79EFBC}") = "Blend.HeritageImplementation", "Blend.HeritageImplementation\Blend.HeritageImplementation.csproj", "{2160F904-7BFE-43C8-BAE9-15C624D87B0F}"
EndProject
Project("{FAE04EC0-301F-11D3-BF4B-00C04F79EFBC}") = "AppzoneSharedMiddleware", "AppzoneSharedMiddleware\AppzoneSharedMiddleware.csproj", "{76F1E11E-A28B-4541-9204-96A371625A8C}"
EndProject
Project("{FAE04EC0-301F-11D3-BF4B-00C04F79EFBC}") = "AppZoneMiddleware.API", "AppZoneMiddleware.API\AppZoneMiddleware.API.csproj", "{1A36C3A0-9147-48A1-B7D1-ACDB65488B5B}"
EndProject
Project("{FAE04EC0-301F-11D3-BF4B-00C04F79EFBC}") = "Blend.GTBImplementation", "Blend.GTBImplementation\Blend.GTBImplementation.csproj", "{7FCCD681-357F-42FA-B10C-8A69A41DD920}"
EndProject
Global
	GlobalSection(SolutionConfigurationPlatforms) = preSolution
		Debug|Any CPU = Debug|Any CPU
		Debug|x64 = Debug|x64
		Release|Any CPU = Release|Any CPU
		Release|x64 = Release|x64
	EndGlobalSection
	GlobalSection(ProjectConfigurationPlatforms) = postSolution
		{03075A52-F59A-4601-A61F-AC64624B808E}.Debug|Any CPU.ActiveCfg = Debug|Any CPU
		{03075A52-F59A-4601-A61F-AC64624B808E}.Debug|Any CPU.Build.0 = Debug|Any CPU
		{03075A52-F59A-4601-A61F-AC64624B808E}.Debug|x64.ActiveCfg = Debug|Any CPU
		{03075A52-F59A-4601-A61F-AC64624B808E}.Debug|x64.Build.0 = Debug|Any CPU
		{03075A52-F59A-4601-A61F-AC64624B808E}.Release|Any CPU.ActiveCfg = Release|Any CPU
		{03075A52-F59A-4601-A61F-AC64624B808E}.Release|Any CPU.Build.0 = Release|Any CPU
		{03075A52-F59A-4601-A61F-AC64624B808E}.Release|x64.ActiveCfg = Release|Any CPU
		{03075A52-F59A-4601-A61F-AC64624B808E}.Release|x64.Build.0 = Release|Any CPU
		{561777F6-7751-4468-A855-C1E593FD2B1F}.Debug|Any CPU.ActiveCfg = Debug|Any CPU
		{561777F6-7751-4468-A855-C1E593FD2B1F}.Debug|Any CPU.Build.0 = Debug|Any CPU
		{561777F6-7751-4468-A855-C1E593FD2B1F}.Debug|x64.ActiveCfg = Debug|Any CPU
		{561777F6-7751-4468-A855-C1E593FD2B1F}.Debug|x64.Build.0 = Debug|Any CPU
		{561777F6-7751-4468-A855-C1E593FD2B1F}.Release|Any CPU.ActiveCfg = Release|Any CPU
		{561777F6-7751-4468-A855-C1E593FD2B1F}.Release|Any CPU.Build.0 = Release|Any CPU
		{561777F6-7751-4468-A855-C1E593FD2B1F}.Release|x64.ActiveCfg = Release|Any CPU
		{561777F6-7751-4468-A855-C1E593FD2B1F}.Release|x64.Build.0 = Release|Any CPU
		{1DD364F3-3413-4483-8A13-1849A3419AAE}.Debug|Any CPU.ActiveCfg = Debug|Any CPU
		{1DD364F3-3413-4483-8A13-1849A3419AAE}.Debug|Any CPU.Build.0 = Debug|Any CPU
		{1DD364F3-3413-4483-8A13-1849A3419AAE}.Debug|x64.ActiveCfg = Debug|Any CPU
		{1DD364F3-3413-4483-8A13-1849A3419AAE}.Debug|x64.Build.0 = Debug|Any CPU
		{1DD364F3-3413-4483-8A13-1849A3419AAE}.Release|Any CPU.ActiveCfg = Release|Any CPU
		{1DD364F3-3413-4483-8A13-1849A3419AAE}.Release|Any CPU.Build.0 = Release|Any CPU
		{1DD364F3-3413-4483-8A13-1849A3419AAE}.Release|x64.ActiveCfg = Release|Any CPU
		{1DD364F3-3413-4483-8A13-1849A3419AAE}.Release|x64.Build.0 = Release|Any CPU
		{5721AF3F-6266-4B19-854E-9319729F571B}.Debug|Any CPU.ActiveCfg = Debug|Any CPU
		{5721AF3F-6266-4B19-854E-9319729F571B}.Debug|Any CPU.Build.0 = Debug|Any CPU
		{5721AF3F-6266-4B19-854E-9319729F571B}.Debug|x64.ActiveCfg = Debug|Any CPU
		{5721AF3F-6266-4B19-854E-9319729F571B}.Debug|x64.Build.0 = Debug|Any CPU
		{5721AF3F-6266-4B19-854E-9319729F571B}.Release|Any CPU.ActiveCfg = Release|Any CPU
		{5721AF3F-6266-4B19-854E-9319729F571B}.Release|Any CPU.Build.0 = Release|Any CPU
		{5721AF3F-6266-4B19-854E-9319729F571B}.Release|x64.ActiveCfg = Release|Any CPU
		{5721AF3F-6266-4B19-854E-9319729F571B}.Release|x64.Build.0 = Release|Any CPU
		{66334F41-E437-4BC1-B175-EDDE221525F4}.Debug|Any CPU.ActiveCfg = Debug|Any CPU
		{66334F41-E437-4BC1-B175-EDDE221525F4}.Debug|Any CPU.Build.0 = Debug|Any CPU
		{66334F41-E437-4BC1-B175-EDDE221525F4}.Debug|x64.ActiveCfg = Debug|x64
		{66334F41-E437-4BC1-B175-EDDE221525F4}.Debug|x64.Build.0 = Debug|x64
		{66334F41-E437-4BC1-B175-EDDE221525F4}.Release|Any CPU.ActiveCfg = Release|Any CPU
		{66334F41-E437-4BC1-B175-EDDE221525F4}.Release|Any CPU.Build.0 = Release|Any CPU
		{66334F41-E437-4BC1-B175-EDDE221525F4}.Release|x64.ActiveCfg = Release|x64
		{66334F41-E437-4BC1-B175-EDDE221525F4}.Release|x64.Build.0 = Release|x64
		{ADC9433C-E2EB-469B-B8F9-AA69990FDBEC}.Debug|Any CPU.ActiveCfg = Debug|Any CPU
		{ADC9433C-E2EB-469B-B8F9-AA69990FDBEC}.Debug|Any CPU.Build.0 = Debug|Any CPU
		{ADC9433C-E2EB-469B-B8F9-AA69990FDBEC}.Debug|x64.ActiveCfg = Debug|Any CPU
		{ADC9433C-E2EB-469B-B8F9-AA69990FDBEC}.Debug|x64.Build.0 = Debug|Any CPU
		{ADC9433C-E2EB-469B-B8F9-AA69990FDBEC}.Release|Any CPU.ActiveCfg = Release|Any CPU
		{ADC9433C-E2EB-469B-B8F9-AA69990FDBEC}.Release|Any CPU.Build.0 = Release|Any CPU
		{ADC9433C-E2EB-469B-B8F9-AA69990FDBEC}.Release|x64.ActiveCfg = Release|Any CPU
		{ADC9433C-E2EB-469B-B8F9-AA69990FDBEC}.Release|x64.Build.0 = Release|Any CPU
		{E21F5FAE-0007-48CF-BCDE-C6819CA61BD9}.Debug|Any CPU.ActiveCfg = Debug|Any CPU
		{E21F5FAE-0007-48CF-BCDE-C6819CA61BD9}.Debug|Any CPU.Build.0 = Debug|Any CPU
		{E21F5FAE-0007-48CF-BCDE-C6819CA61BD9}.Debug|x64.ActiveCfg = Debug|Any CPU
		{E21F5FAE-0007-48CF-BCDE-C6819CA61BD9}.Debug|x64.Build.0 = Debug|Any CPU
		{E21F5FAE-0007-48CF-BCDE-C6819CA61BD9}.Release|Any CPU.ActiveCfg = Release|Any CPU
		{E21F5FAE-0007-48CF-BCDE-C6819CA61BD9}.Release|Any CPU.Build.0 = Release|Any CPU
		{E21F5FAE-0007-48CF-BCDE-C6819CA61BD9}.Release|x64.ActiveCfg = Release|Any CPU
		{E21F5FAE-0007-48CF-BCDE-C6819CA61BD9}.Release|x64.Build.0 = Release|Any CPU
		{30894773-5E01-4125-9320-247212C6D1D7}.Debug|Any CPU.ActiveCfg = Debug|Any CPU
		{30894773-5E01-4125-9320-247212C6D1D7}.Debug|Any CPU.Build.0 = Debug|Any CPU
		{30894773-5E01-4125-9320-247212C6D1D7}.Debug|x64.ActiveCfg = Debug|Any CPU
		{30894773-5E01-4125-9320-247212C6D1D7}.Debug|x64.Build.0 = Debug|Any CPU
		{30894773-5E01-4125-9320-247212C6D1D7}.Release|Any CPU.ActiveCfg = Release|Any CPU
		{30894773-5E01-4125-9320-247212C6D1D7}.Release|Any CPU.Build.0 = Release|Any CPU
		{30894773-5E01-4125-9320-247212C6D1D7}.Release|x64.ActiveCfg = Release|Any CPU
		{30894773-5E01-4125-9320-247212C6D1D7}.Release|x64.Build.0 = Release|Any CPU
		{BD3CFF8F-CBAD-40FD-916D-015AA18E4461}.Debug|Any CPU.ActiveCfg = Debug|Any CPU
		{BD3CFF8F-CBAD-40FD-916D-015AA18E4461}.Debug|Any CPU.Build.0 = Debug|Any CPU
		{BD3CFF8F-CBAD-40FD-916D-015AA18E4461}.Debug|x64.ActiveCfg = Debug|Any CPU
		{BD3CFF8F-CBAD-40FD-916D-015AA18E4461}.Debug|x64.Build.0 = Debug|Any CPU
		{BD3CFF8F-CBAD-40FD-916D-015AA18E4461}.Release|Any CPU.ActiveCfg = Release|Any CPU
		{BD3CFF8F-CBAD-40FD-916D-015AA18E4461}.Release|Any CPU.Build.0 = Release|Any CPU
		{BD3CFF8F-CBAD-40FD-916D-015AA18E4461}.Release|x64.ActiveCfg = Release|Any CPU
		{BD3CFF8F-CBAD-40FD-916D-015AA18E4461}.Release|x64.Build.0 = Release|Any CPU
		{D796CC24-F6D8-4B72-80E5-D2FE16239BC5}.Debug|Any CPU.ActiveCfg = Debug|Any CPU
		{D796CC24-F6D8-4B72-80E5-D2FE16239BC5}.Debug|Any CPU.Build.0 = Debug|Any CPU
		{D796CC24-F6D8-4B72-80E5-D2FE16239BC5}.Debug|x64.ActiveCfg = Debug|Any CPU
		{D796CC24-F6D8-4B72-80E5-D2FE16239BC5}.Debug|x64.Build.0 = Debug|Any CPU
		{D796CC24-F6D8-4B72-80E5-D2FE16239BC5}.Release|Any CPU.ActiveCfg = Release|Any CPU
		{D796CC24-F6D8-4B72-80E5-D2FE16239BC5}.Release|Any CPU.Build.0 = Release|Any CPU
		{D796CC24-F6D8-4B72-80E5-D2FE16239BC5}.Release|x64.ActiveCfg = Release|Any CPU
		{D796CC24-F6D8-4B72-80E5-D2FE16239BC5}.Release|x64.Build.0 = Release|Any CPU
		{2160F904-7BFE-43C8-BAE9-15C624D87B0F}.Debug|Any CPU.ActiveCfg = Debug|Any CPU
		{2160F904-7BFE-43C8-BAE9-15C624D87B0F}.Debug|Any CPU.Build.0 = Debug|Any CPU
		{2160F904-7BFE-43C8-BAE9-15C624D87B0F}.Debug|x64.ActiveCfg = Debug|Any CPU
		{2160F904-7BFE-43C8-BAE9-15C624D87B0F}.Debug|x64.Build.0 = Debug|Any CPU
		{2160F904-7BFE-43C8-BAE9-15C624D87B0F}.Release|Any CPU.ActiveCfg = Release|Any CPU
		{2160F904-7BFE-43C8-BAE9-15C624D87B0F}.Release|Any CPU.Build.0 = Release|Any CPU
		{2160F904-7BFE-43C8-BAE9-15C624D87B0F}.Release|x64.ActiveCfg = Release|Any CPU
		{2160F904-7BFE-43C8-BAE9-15C624D87B0F}.Release|x64.Build.0 = Release|Any CPU
		{76F1E11E-A28B-4541-9204-96A371625A8C}.Debug|Any CPU.ActiveCfg = Debug|Any CPU
		{76F1E11E-A28B-4541-9204-96A371625A8C}.Debug|Any CPU.Build.0 = Debug|Any CPU
		{76F1E11E-A28B-4541-9204-96A371625A8C}.Debug|x64.ActiveCfg = Debug|Any CPU
		{76F1E11E-A28B-4541-9204-96A371625A8C}.Debug|x64.Build.0 = Debug|Any CPU
		{76F1E11E-A28B-4541-9204-96A371625A8C}.Release|Any CPU.ActiveCfg = Release|Any CPU
		{76F1E11E-A28B-4541-9204-96A371625A8C}.Release|Any CPU.Build.0 = Release|Any CPU
		{76F1E11E-A28B-4541-9204-96A371625A8C}.Release|x64.ActiveCfg = Release|Any CPU
		{76F1E11E-A28B-4541-9204-96A371625A8C}.Release|x64.Build.0 = Release|Any CPU
		{1A36C3A0-9147-48A1-B7D1-ACDB65488B5B}.Debug|Any CPU.ActiveCfg = Debug|Any CPU
		{1A36C3A0-9147-48A1-B7D1-ACDB65488B5B}.Debug|Any CPU.Build.0 = Debug|Any CPU
		{1A36C3A0-9147-48A1-B7D1-ACDB65488B5B}.Debug|x64.ActiveCfg = Debug|Any CPU
		{1A36C3A0-9147-48A1-B7D1-ACDB65488B5B}.Debug|x64.Build.0 = Debug|Any CPU
		{1A36C3A0-9147-48A1-B7D1-ACDB65488B5B}.Release|Any CPU.ActiveCfg = Release|Any CPU
		{1A36C3A0-9147-48A1-B7D1-ACDB65488B5B}.Release|Any CPU.Build.0 = Release|Any CPU
		{1A36C3A0-9147-48A1-B7D1-ACDB65488B5B}.Release|x64.ActiveCfg = Release|Any CPU
		{1A36C3A0-9147-48A1-B7D1-ACDB65488B5B}.Release|x64.Build.0 = Release|Any CPU
		{7FCCD681-357F-42FA-B10C-8A69A41DD920}.Debug|Any CPU.ActiveCfg = Debug|Any CPU
		{7FCCD681-357F-42FA-B10C-8A69A41DD920}.Debug|Any CPU.Build.0 = Debug|Any CPU
		{7FCCD681-357F-42FA-B10C-8A69A41DD920}.Debug|x64.ActiveCfg = Debug|Any CPU
		{7FCCD681-357F-42FA-B10C-8A69A41DD920}.Debug|x64.Build.0 = Debug|Any CPU
		{7FCCD681-357F-42FA-B10C-8A69A41DD920}.Release|Any CPU.ActiveCfg = Release|Any CPU
		{7FCCD681-357F-42FA-B10C-8A69A41DD920}.Release|Any CPU.Build.0 = Release|Any CPU
		{7FCCD681-357F-42FA-B10C-8A69A41DD920}.Release|x64.ActiveCfg = Release|Any CPU
		{7FCCD681-357F-42FA-B10C-8A69A41DD920}.Release|x64.Build.0 = Release|Any CPU
	EndGlobalSection
	GlobalSection(SolutionProperties) = preSolution
		HideSolutionNode = FALSE
	EndGlobalSection
	GlobalSection(NestedProjects) = preSolution
		{03075A52-F59A-4601-A61F-AC64624B808E} = {FA6AC529-50A8-4078-BC8E-CE72A6264063}
		{8D4BF298-8D11-41D2-A5D9-78BC3E91D2EE} = {FA6AC529-50A8-4078-BC8E-CE72A6264063}
		{561777F6-7751-4468-A855-C1E593FD2B1F} = {8D4BF298-8D11-41D2-A5D9-78BC3E91D2EE}
		{5721AF3F-6266-4B19-854E-9319729F571B} = {3562D08A-7AF9-4BFD-9C65-52A40990FC13}
		{ADC9433C-E2EB-469B-B8F9-AA69990FDBEC} = {8D4BF298-8D11-41D2-A5D9-78BC3E91D2EE}
		{E21F5FAE-0007-48CF-BCDE-C6819CA61BD9} = {8D4BF298-8D11-41D2-A5D9-78BC3E91D2EE}
		{D796CC24-F6D8-4B72-80E5-D2FE16239BC5} = {8D4BF298-8D11-41D2-A5D9-78BC3E91D2EE}
		{2160F904-7BFE-43C8-BAE9-15C624D87B0F} = {8D4BF298-8D11-41D2-A5D9-78BC3E91D2EE}
		{7FCCD681-357F-42FA-B10C-8A69A41DD920} = {8D4BF298-8D11-41D2-A5D9-78BC3E91D2EE}
	EndGlobalSection
	GlobalSection(ExtensibilityGlobals) = postSolution
		SolutionGuid = {A206CEB7-5243-4D08-8EDE-48D132064A0B}
	EndGlobalSection
EndGlobal
